{
  "name": "AudioCard-1",
  "lockfileVersion": 3,
  "requires": true,
  "packages": {
    "": {
      "dependencies": {
        "@tensorflow/tfjs-converter": "^4.17.0"
      }
    },
    "node_modules/@tensorflow/tfjs-converter": {
      "version": "4.17.0",
      "resolved": "https://registry.npmjs.org/@tensorflow/tfjs-converter/-/tfjs-converter-4.17.0.tgz",
      "integrity": "sha512-qFxIjPfomCuTrYxsFjtKbi3QfdmTTCWo+RvqD64oCMS0sjp7sUDNhJyKDoLx6LZhXlwXpHIVDJctLMRMwet0Zw==",
      "peerDependencies": {
        "@tensorflow/tfjs-core": "4.17.0"
      }
    }
  }
}
